{
  "name": "sapiola-mcp",
  "version": "1.0.0",
  "lockfileVersion": 3,
  "requires": true,
  "packages": {
    "": {
      "name": "sapiola-mcp",
      "version": "1.0.0",
      "hasInstallScript": true,
      "license": "ISC",
      "bin": {
        "sapiola-mcp": "bin/run.js"
      }
    }
  }
}
